
Microsoft Visual Studio Solution File, Format Version 12.00
# Visual Studio Version 16
VisualStudioVersion = 16.0.810.13
MinimumVisualStudioVersion = 10.0.40219.1
Project("{FAE04EC0-301F-11D3-BF4B-00C04F79EFBC}") = "priklad-6-1", "priklad-6-1\priklad-6-1.csproj", "{07F42512-5FCE-4A95-A4AB-8B361597391E}"
EndProject
Project("{FAE04EC0-301F-11D3-BF4B-00C04F79EFBC}") = "priklad-6-2", "priklad-6-2\priklad-6-2.csproj", "{C3D49863-0E8B-41BF-9880-FA7253A3AC74}"
EndProject
Global
	GlobalSection(SolutionConfigurationPlatforms) = preSolution
		Debug|Any CPU = Debug|Any CPU
		Release|Any CPU = Release|Any CPU
	EndGlobalSection
	GlobalSection(ProjectConfigurationPlatforms) = postSolution
		{07F42512-5FCE-4A95-A4AB-8B361597391E}.Debug|Any CPU.ActiveCfg = Debug|Any CPU
		{07F42512-5FCE-4A95-A4AB-8B361597391E}.Debug|Any CPU.Build.0 = Debug|Any CPU
		{07F42512-5FCE-4A95-A4AB-8B361597391E}.Release|Any CPU.ActiveCfg = Release|Any CPU
		{07F42512-5FCE-4A95-A4AB-8B361597391E}.Release|Any CPU.Build.0 = Release|Any CPU
		{C3D49863-0E8B-41BF-9880-FA7253A3AC74}.Debug|Any CPU.ActiveCfg = Debug|Any CPU
		{C3D49863-0E8B-41BF-9880-FA7253A3AC74}.Debug|Any CPU.Build.0 = Debug|Any CPU
		{C3D49863-0E8B-41BF-9880-FA7253A3AC74}.Release|Any CPU.ActiveCfg = Release|Any CPU
		{C3D49863-0E8B-41BF-9880-FA7253A3AC74}.Release|Any CPU.Build.0 = Release|Any CPU
	EndGlobalSection
	GlobalSection(SolutionProperties) = preSolution
		HideSolutionNode = FALSE
	EndGlobalSection
	GlobalSection(ExtensibilityGlobals) = postSolution
		SolutionGuid = {F9EC64CA-B374-48EE-A716-4243EAAB5F51}
	EndGlobalSection
EndGlobal
